
Microsoft Visual Studio Solution File, Format Version 11.00
# Visual Studio 2010
Project("{FAE04EC0-301F-11D3-BF4B-00C04F79EFBC}") = "MacsurToolbox", "MacsurToolbox.csproj", "{646561A9-E1CA-4CB7-9288-EBBBF35D227E}"
EndProject
Global
	GlobalSection(SolutionConfigurationPlatforms) = preSolution
		Debug|Any CPU = Debug|Any CPU
		Production|Any CPU = Production|Any CPU
		Test|Any CPU = Test|Any CPU
	EndGlobalSection
	GlobalSection(ProjectConfigurationPlatforms) = postSolution
		{646561A9-E1CA-4CB7-9288-EBBBF35D227E}.Debug|Any CPU.ActiveCfg = Debug|Any CPU
		{646561A9-E1CA-4CB7-9288-EBBBF35D227E}.Debug|Any CPU.Build.0 = Debug|Any CPU
		{646561A9-E1CA-4CB7-9288-EBBBF35D227E}.Production|Any CPU.ActiveCfg = Production|Any CPU
		{646561A9-E1CA-4CB7-9288-EBBBF35D227E}.Production|Any CPU.Build.0 = Production|Any CPU
		{646561A9-E1CA-4CB7-9288-EBBBF35D227E}.Test|Any CPU.ActiveCfg = Test|Any CPU
		{646561A9-E1CA-4CB7-9288-EBBBF35D227E}.Test|Any CPU.Build.0 = Test|Any CPU
	EndGlobalSection
	GlobalSection(SolutionProperties) = preSolution
		HideSolutionNode = FALSE
	EndGlobalSection
EndGlobal
